
Microsoft Visual Studio Solution File, Format Version 12.00
# Visual Studio 15
VisualStudioVersion = 15.0.28307.902
MinimumVisualStudioVersion = 10.0.40219.1
Project("{FAE04EC0-301F-11D3-BF4B-00C04F79EFBC}") = "GoldInvestmentProject", "GoldInvestmentProject\GoldInvestmentProject.csproj", "{FD7FE4B0-A44D-4537-99BE-2B31E458D3F5}"
EndProject
Global
	GlobalSection(SolutionConfigurationPlatforms) = preSolution
		Debug|Any CPU = Debug|Any CPU
		Release|Any CPU = Release|Any CPU
	EndGlobalSection
	GlobalSection(ProjectConfigurationPlatforms) = postSolution
		{FD7FE4B0-A44D-4537-99BE-2B31E458D3F5}.Debug|Any CPU.ActiveCfg = Debug|Any CPU
		{FD7FE4B0-A44D-4537-99BE-2B31E458D3F5}.Debug|Any CPU.Build.0 = Debug|Any CPU
		{FD7FE4B0-A44D-4537-99BE-2B31E458D3F5}.Release|Any CPU.ActiveCfg = Release|Any CPU
		{FD7FE4B0-A44D-4537-99BE-2B31E458D3F5}.Release|Any CPU.Build.0 = Release|Any CPU
	EndGlobalSection
	GlobalSection(SolutionProperties) = preSolution
		HideSolutionNode = FALSE
	EndGlobalSection
	GlobalSection(ExtensibilityGlobals) = postSolution
		SolutionGuid = {96E76D57-6DF3-44F7-AAD2-FBE49560E213}
	EndGlobalSection
EndGlobal
